{
  "requires": true,
  "lockfileVersion": 1,
  "dependencies": {
    "bootstrap-sass": {
      "version": "3.3.7",
      "resolved": "https://registry.npmjs.org/bootstrap-sass/-/bootstrap-sass-3.3.7.tgz",
      "integrity": "sha1-ZZbHq0D2Y3OTMjqwvIDQZPxjBJg="
    },
    "font-awesome": {
      "version": "4.7.0",
      "resolved": "https://registry.npmjs.org/font-awesome/-/font-awesome-4.7.0.tgz",
      "integrity": "sha1-j6jPBBGhoxr9B7BtKQK7n8gVoTM="
    },
    "hyperscript-attribute-to-property": {
      "version": "1.0.0",
      "resolved": "https://registry.npmjs.org/hyperscript-attribute-to-property/-/hyperscript-attribute-to-property-1.0.0.tgz",
      "integrity": "sha1-glMI1Ju44pV5I/cxmBvMgRytev8="
    },
    "hyperx": {
      "version": "2.4.0",
      "resolved": "https://registry.npmjs.org/hyperx/-/hyperx-2.4.0.tgz",
      "integrity": "sha512-43jbOQfVkm9U0oAyBZ4Vt2eB0hZWS5EyrOhR3ZbgUrcprutGu9s/C476OVFL3QU1iynKO5s9kZsWrZm19gJKjg==",
      "requires": {
        "hyperscript-attribute-to-property": "1.0.0"
      }
    },
    "jquery": {
      "version": "3.3.1",
      "resolved": "https://registry.npmjs.org/jquery/-/jquery-3.3.1.tgz",
      "integrity": "sha512-Ubldcmxp5np52/ENotGxlLe6aGMvmF4R8S6tZjsP6Knsaxd/xp3Zrh50cG93lR6nPXyUFwzN3ZSOQI0wRJNdGg=="
    },
    "lodash": {
      "version": "4.17.5",
      "resolved": "https://registry.npmjs.org/lodash/-/lodash-4.17.5.tgz",
      "integrity": "sha512-svL3uiZf1RwhH+cWrfZn3A4+U58wbP0tGVTLQPbjplZxZ8ROD9VLuNgsRniTlLe7OlSqR79RUehXgpBW/s0IQw=="
    },
    "vue": {
      "version": "2.5.16",
      "resolved": "https://registry.npmjs.org/vue/-/vue-2.5.16.tgz",
      "integrity": "sha512-/ffmsiVuPC8PsWcFkZngdpas19ABm5mh2wA7iDqcltyCTwlgZjHGeJYOXkBMo422iPwIcviOtrTCUpSfXmToLQ=="
    },
    "vue-2-common-components": {
      "version": "0.0.10",
      "resolved": "https://registry.npmjs.org/vue-2-common-components/-/vue-2-common-components-0.0.10.tgz",
      "integrity": "sha1-sgTsaXPw09LE1TPac+iyk4i1FgY=",
      "requires": {
        "bootstrap-sass": "3.3.7",
        "font-awesome": "4.7.0",
        "jquery": "3.3.1",
        "lodash": "4.17.5",
        "vue": "2.5.16"
      }
    },
    "vue-html": {
      "version": "0.3.0",
      "resolved": "https://registry.npmjs.org/vue-html/-/vue-html-0.3.0.tgz",
      "integrity": "sha1-8To+X/polr5DoO79W4HqB21RpTg=",
      "requires": {
        "hyperx": "2.4.0"
      }
    }
  }
}
